
Microsoft Visual Studio Solution File, Format Version 12.00
# Visual Studio Version 17
VisualStudioVersion = 17.11.35327.3
MinimumVisualStudioVersion = 10.0.40219.1
Project("{FAE04EC0-301F-11D3-BF4B-00C04F79EFBC}") = "Password_Storage", "Password_Storage\Password_Storage.csproj", "{11724D62-4A98-4042-A00C-34612DF14A36}"
EndProject
Project("{FAE04EC0-301F-11D3-BF4B-00C04F79EFBC}") = "Password_Storage.Api", "Password_Storage.Api\Password_Storage.Api.csproj", "{67180524-ADAA-4928-8B0F-B68C23E6D328}"
EndProject
Global
	GlobalSection(SolutionConfigurationPlatforms) = preSolution
		Debug|Any CPU = Debug|Any CPU
		Release|Any CPU = Release|Any CPU
	EndGlobalSection
	GlobalSection(ProjectConfigurationPlatforms) = postSolution
		{11724D62-4A98-4042-A00C-34612DF14A36}.Debug|Any CPU.ActiveCfg = Debug|Any CPU
		{11724D62-4A98-4042-A00C-34612DF14A36}.Debug|Any CPU.Build.0 = Debug|Any CPU
		{11724D62-4A98-4042-A00C-34612DF14A36}.Release|Any CPU.ActiveCfg = Release|Any CPU
		{11724D62-4A98-4042-A00C-34612DF14A36}.Release|Any CPU.Build.0 = Release|Any CPU
		{67180524-ADAA-4928-8B0F-B68C23E6D328}.Debug|Any CPU.ActiveCfg = Debug|Any CPU
		{67180524-ADAA-4928-8B0F-B68C23E6D328}.Debug|Any CPU.Build.0 = Debug|Any CPU
		{67180524-ADAA-4928-8B0F-B68C23E6D328}.Release|Any CPU.ActiveCfg = Release|Any CPU
		{67180524-ADAA-4928-8B0F-B68C23E6D328}.Release|Any CPU.Build.0 = Release|Any CPU
	EndGlobalSection
	GlobalSection(SolutionProperties) = preSolution
		HideSolutionNode = FALSE
	EndGlobalSection
	GlobalSection(ExtensibilityGlobals) = postSolution
		SolutionGuid = {FC692AA7-F740-42EF-BE58-D3AC705A2D3B}
	EndGlobalSection
EndGlobal
